
Microsoft Visual Studio Solution File, Format Version 12.00
# Visual Studio Version 17
VisualStudioVersion = 17.7.34003.232
MinimumVisualStudioVersion = 10.0.40219.1
Project("{FAE04EC0-301F-11D3-BF4B-00C04F79EFBC}") = "HW8", "HW8\HW8.csproj", "{FE2651C7-B9AF-48A9-B95C-E4F2D4D27A59}"
EndProject
Global
	GlobalSection(SolutionConfigurationPlatforms) = preSolution
		Debug|Any CPU = Debug|Any CPU
		Release|Any CPU = Release|Any CPU
	EndGlobalSection
	GlobalSection(ProjectConfigurationPlatforms) = postSolution
		{FE2651C7-B9AF-48A9-B95C-E4F2D4D27A59}.Debug|Any CPU.ActiveCfg = Debug|Any CPU
		{FE2651C7-B9AF-48A9-B95C-E4F2D4D27A59}.Debug|Any CPU.Build.0 = Debug|Any CPU
		{FE2651C7-B9AF-48A9-B95C-E4F2D4D27A59}.Release|Any CPU.ActiveCfg = Release|Any CPU
		{FE2651C7-B9AF-48A9-B95C-E4F2D4D27A59}.Release|Any CPU.Build.0 = Release|Any CPU
	EndGlobalSection
	GlobalSection(SolutionProperties) = preSolution
		HideSolutionNode = FALSE
	EndGlobalSection
	GlobalSection(ExtensibilityGlobals) = postSolution
		SolutionGuid = {7E49F830-1167-4890-B54B-585BAF8A6E31}
	EndGlobalSection
EndGlobal
